Microsoft Visual Studio Solution File, Format Version 12.00
# Visual Studio Version 18
VisualStudioVersion = 18.7.11811.120
MinimumVisualStudioVersion = 10.0.40219.1
Project("{FAE04EC0-301F-11D3-BF4B-00C04F79EFBC}") = "TTLSim.UI", "TTLSim.UI\TTLSim.UI.csproj", "{A1B2C3D4-E5F6-4789-ABCD-1234567890AB}"
EndProject
Project("{FAE04EC0-301F-11D3-BF4B-00C04F79EFBC}") = "TTLSim.Core", "TTLSim.Core\TTLSim.Core.csproj", "{00AE9CD0-0D01-4309-B21B-02FC708037A4}"
EndProject
Project("{FAE04EC0-301F-11D3-BF4B-00C04F79EFBC}") = "TTLSim.Chips", "TTLSim.Chips\TTLSim.Chips.csproj", "{0408C78E-2613-46AD-BFC4-BEAC96605EAE}"
EndProject
Project("{FAE04EC0-301F-11D3-BF4B-00C04F79EFBC}") = "TTLSim.Tests", "TTLSim.Tests\TTLSim.Tests.csproj", "{79108EDF-C7D8-43B6-9A6E-F663285476D5}"
EndProject
Project("{FAE04EC0-301F-11D3-BF4B-00C04F79EFBC}") = "BlinkJED", "BlinkJED\BlinkJED.csproj", "{1A4553F1-F3D4-45C5-949E-167B1EE7D3FB}"
EndProject
Project("{FAE04EC0-301F-11D3-BF4B-00C04F79EFBC}") = "BlinkyMGen", "BlinkyGen\BlinkyMGen.csproj", "{8082C524-091C-4DC8-BE14-1F40180DE5DB}"
EndProject
Global
	GlobalSection(SolutionConfigurationPlatforms) = preSolution
		Debug|Any CPU = Debug|Any CPU
		Release|Any CPU = Release|Any CPU
	EndGlobalSection
	GlobalSection(ProjectConfigurationPlatforms) = postSolution
		{A1B2C3D4-E5F6-4789-ABCD-1234567890AB}.Debug|Any CPU.ActiveCfg = Debug|Any CPU
		{A1B2C3D4-E5F6-4789-ABCD-1234567890AB}.Debug|Any CPU.Build.0 = Debug|Any CPU
		{A1B2C3D4-E5F6-4789-ABCD-1234567890AB}.Release|Any CPU.ActiveCfg = Release|Any CPU
		{A1B2C3D4-E5F6-4789-ABCD-1234567890AB}.Release|Any CPU.Build.0 = Release|Any CPU
		{00AE9CD0-0D01-4309-B21B-02FC708037A4}.Debug|Any CPU.ActiveCfg = Debug|Any CPU
		{00AE9CD0-0D01-4309-B21B-02FC708037A4}.Debug|Any CPU.Build.0 = Debug|Any CPU
		{00AE9CD0-0D01-4309-B21B-02FC708037A4}.Release|Any CPU.ActiveCfg = Release|Any CPU
		{00AE9CD0-0D01-4309-B21B-02FC708037A4}.Release|Any CPU.Build.0 = Release|Any CPU
		{0408C78E-2613-46AD-BFC4-BEAC96605EAE}.Debug|Any CPU.ActiveCfg = Debug|Any CPU
		{0408C78E-2613-46AD-BFC4-BEAC96605EAE}.Debug|Any CPU.Build.0 = Debug|Any CPU
		{0408C78E-2613-46AD-BFC4-BEAC96605EAE}.Release|Any CPU.ActiveCfg = Release|Any CPU
		{0408C78E-2613-46AD-BFC4-BEAC96605EAE}.Release|Any CPU.Build.0 = Release|Any CPU
		{79108EDF-C7D8-43B6-9A6E-F663285476D5}.Debug|Any CPU.ActiveCfg = Debug|Any CPU
		{79108EDF-C7D8-43B6-9A6E-F663285476D5}.Debug|Any CPU.Build.0 = Debug|Any CPU
		{79108EDF-C7D8-43B6-9A6E-F663285476D5}.Release|Any CPU.ActiveCfg = Release|Any CPU
		{79108EDF-C7D8-43B6-9A6E-F663285476D5}.Release|Any CPU.Build.0 = Release|Any CPU
		{1A4553F1-F3D4-45C5-949E-167B1EE7D3FB}.Debug|Any CPU.ActiveCfg = Debug|Any CPU
		{1A4553F1-F3D4-45C5-949E-167B1EE7D3FB}.Debug|Any CPU.Build.0 = Debug|Any CPU
		{1A4553F1-F3D4-45C5-949E-167B1EE7D3FB}.Release|Any CPU.ActiveCfg = Release|Any CPU
		{1A4553F1-F3D4-45C5-949E-167B1EE7D3FB}.Release|Any CPU.Build.0 = Release|Any CPU
		{8082C524-091C-4DC8-BE14-1F40180DE5DB}.Debug|Any CPU.ActiveCfg = Debug|Any CPU
		{8082C524-091C-4DC8-BE14-1F40180DE5DB}.Debug|Any CPU.Build.0 = Debug|Any CPU
		{8082C524-091C-4DC8-BE14-1F40180DE5DB}.Release|Any CPU.ActiveCfg = Release|Any CPU
		{8082C524-091C-4DC8-BE14-1F40180DE5DB}.Release|Any CPU.Build.0 = Release|Any CPU
	EndGlobalSection
	GlobalSection(SolutionProperties) = preSolution
		HideSolutionNode = FALSE
	EndGlobalSection
	GlobalSection(ExtensibilityGlobals) = postSolution
		SolutionGuid = {55E6110E-2C52-4EDB-8BE1-DB5C50E6A8F2}
	EndGlobalSection
EndGlobal
