
Microsoft Visual Studio Solution File, Format Version 12.00
# Visual Studio Version 17
VisualStudioVersion = 17.14.36623.8 d17.14
MinimumVisualStudioVersion = 10.0.40219.1
Project("{FAE04EC0-301F-11D3-BF4B-00C04F79EFBC}") = "BlinkyASM", "BlinkyASM.csproj", "{2B9729C8-497D-2835-2925-30314CB51058}"
EndProject
Global
	GlobalSection(SolutionConfigurationPlatforms) = preSolution
		Debug|Any CPU = Debug|Any CPU
		Release|Any CPU = Release|Any CPU
	EndGlobalSection
	GlobalSection(ProjectConfigurationPlatforms) = postSolution
		{2B9729C8-497D-2835-2925-30314CB51058}.Debug|Any CPU.ActiveCfg = Debug|Any CPU
		{2B9729C8-497D-2835-2925-30314CB51058}.Debug|Any CPU.Build.0 = Debug|Any CPU
		{2B9729C8-497D-2835-2925-30314CB51058}.Release|Any CPU.ActiveCfg = Release|Any CPU
		{2B9729C8-497D-2835-2925-30314CB51058}.Release|Any CPU.Build.0 = Release|Any CPU
	EndGlobalSection
	GlobalSection(SolutionProperties) = preSolution
		HideSolutionNode = FALSE
	EndGlobalSection
	GlobalSection(ExtensibilityGlobals) = postSolution
		SolutionGuid = {0ED7756F-56CB-4705-8ABA-75C5E02978AA}
	EndGlobalSection
EndGlobal
